// !$*UTF8*$!
{archiveVersion = 1; classes = {}; objectVersion = 56; objects = {
7D581563B172BB19E69080D1 = {isa = PBXFileReference; lastKnownFileType = sourcecode.swift; path = "PocketBonham/App/AppStore.swift"; sourceTree = SOURCE_ROOT;};
D5FFAEF3CD6554A19E8C81BA = {isa = PBXBuildFile; fileRef = 7D581563B172BB19E69080D1;};
73AF0D6EF125ED4550FE4EFA = {isa = PBXFileReference; lastKnownFileType = sourcecode.swift; path = "PocketBonham/App/PocketBonhamApp.swift"; sourceTree = SOURCE_ROOT;};
CCCA7076C0FA42236C0A9865 = {isa = PBXBuildFile; fileRef = 73AF0D6EF125ED4550FE4EFA;};
D70E033588214B511DE1C5F7 = {isa = PBXFileReference; lastKnownFileType = sourcecode.swift; path = "PocketBonham/Audio/AudioHost.swift"; sourceTree = SOURCE_ROOT;};
FCF628FEACF40CBF37FE2B55 = {isa = PBXBuildFile; fileRef = D70E033588214B511DE1C5F7;};
96F58257D34A15BBE5936D8E = {isa = PBXFileReference; lastKnownFileType = sourcecode.swift; path = "PocketBonham/Features/ChainView.swift"; sourceTree = SOURCE_ROOT;};
8E33A96E8C682B5B8CF99078 = {isa = PBXBuildFile; fileRef = 96F58257D34A15BBE5936D8E;};
66B65644329A2E0E66A4887D = {isa = PBXFileReference; lastKnownFileType = sourcecode.swift; path = "PocketBonham/Features/Components.swift"; sourceTree = SOURCE_ROOT;};
4EFB357B4B3ECD2C421CDC29 = {isa = PBXBuildFile; fileRef = 66B65644329A2E0E66A4887D;};
F44F1DC4051458E0DCDB8CAB = {isa = PBXFileReference; lastKnownFileType = sourcecode.swift; path = "PocketBonham/Features/Editors.swift"; sourceTree = SOURCE_ROOT;};
31E390778478541AC4362791 = {isa = PBXBuildFile; fileRef = F44F1DC4051458E0DCDB8CAB;};
05E6BC2BE13AC902380CAD06 = {isa = PBXFileReference; lastKnownFileType = sourcecode.swift; path = "PocketBonham/Features/InstrumentDesign.swift"; sourceTree = SOURCE_ROOT;};
E9131610D245A47E802F4401 = {isa = PBXBuildFile; fileRef = 05E6BC2BE13AC902380CAD06;};
BC14E559413F6E506985AF11 = {isa = PBXFileReference; lastKnownFileType = sourcecode.swift; path = "PocketBonham/Features/LibraryView.swift"; sourceTree = SOURCE_ROOT;};
481E6F7A04633D8967B0CCD1 = {isa = PBXBuildFile; fileRef = BC14E559413F6E506985AF11;};
B0685748C4F428C5C6CA7ED9 = {isa = PBXFileReference; lastKnownFileType = sourcecode.swift; path = "PocketBonham/Features/RootView.swift"; sourceTree = SOURCE_ROOT;};
251F640D9CA489BCDA085EB4 = {isa = PBXBuildFile; fileRef = B0685748C4F428C5C6CA7ED9;};
993A24BA17E65D999F71FCA6 = {isa = PBXFileReference; lastKnownFileType = sourcecode.swift; path = "PocketBonham/Features/StepTouchSurface.swift"; sourceTree = SOURCE_ROOT;};
5F888217F0AD20D11D4DF5ED = {isa = PBXBuildFile; fileRef = 993A24BA17E65D999F71FCA6;};
E10244EBFD0D14E6FEB7D60A = {isa = PBXFileReference; lastKnownFileType = folder; path = PocketBonham/Resources/Kits; sourceTree = SOURCE_ROOT;};
47280C15D8A2FB790B0FE502 = {isa = PBXBuildFile; fileRef = E10244EBFD0D14E6FEB7D60A;};
3685E330EC5277A9DD5661C6 = {isa = PBXFileReference; lastKnownFileType = folder.assetcatalog; path = PocketBonham/Resources/Assets.xcassets; sourceTree = SOURCE_ROOT;};
CF8A4D27E1C506A7C75A76BE = {isa = PBXBuildFile; fileRef = 3685E330EC5277A9DD5661C6;};
7D1043473D55BFA90E8530D3 = {isa = PBXFileReference; explicitFileType = wrapper.application; path = PocketBonham.app; sourceTree = BUILT_PRODUCTS_DIR;};
4DDE1B02B46FB05CF1955EC0 = {isa = PBXFileReference; lastKnownFileType = sourcecode.swift; path = PocketBonhamUITests/PocketBonhamUITests.swift; sourceTree = SOURCE_ROOT;};
8F69D2603037B23E80BB9FA3 = {isa = PBXBuildFile; fileRef = 4DDE1B02B46FB05CF1955EC0;};
9D3AD977850B7EAC0E4F6585 = {isa = PBXFileReference; explicitFileType = wrapper.cfbundle; path = PocketBonhamUITests.xctest; sourceTree = BUILT_PRODUCTS_DIR;};
FBDC4F23F93125BBEEAE800C = {isa = PBXGroup; children = (7D1043473D55BFA90E8530D3,9D3AD977850B7EAC0E4F6585,); name = Products; sourceTree = "<group>";};
64292B1C2B2E13EAD8788FC8 = {isa = PBXGroup; children = (7D581563B172BB19E69080D1,73AF0D6EF125ED4550FE4EFA,D70E033588214B511DE1C5F7,96F58257D34A15BBE5936D8E,66B65644329A2E0E66A4887D,F44F1DC4051458E0DCDB8CAB,05E6BC2BE13AC902380CAD06,BC14E559413F6E506985AF11,B0685748C4F428C5C6CA7ED9,993A24BA17E65D999F71FCA6,E10244EBFD0D14E6FEB7D60A,3685E330EC5277A9DD5661C6,4DDE1B02B46FB05CF1955EC0,FBDC4F23F93125BBEEAE800C,); sourceTree = "<group>";};
582681C2EAE02B3F3D399C0C = {isa = XCLocalSwiftPackageReference; relativePath = .;};
3A5F9496090AE92F907D72AF = {isa = XCSwiftPackageProductDependency; productName = BonhamCore;};
833E192DB067741F41230BE9 = {isa = PBXBuildFile; productRef = 3A5F9496090AE92F907D72AF;};
F3C382D60DB3B1B46F174726 = {isa = XCSwiftPackageProductDependency; productName = BonhamRender;};
07B891D61A68FC042BDDEA14 = {isa = PBXBuildFile; productRef = F3C382D60DB3B1B46F174726;};
BCE16DD0260827ECF338C787 = {isa = PBXSourcesBuildPhase; buildActionMask = 2147483647; files = (D5FFAEF3CD6554A19E8C81BA,CCCA7076C0FA42236C0A9865,FCF628FEACF40CBF37FE2B55,8E33A96E8C682B5B8CF99078,4EFB357B4B3ECD2C421CDC29,31E390778478541AC4362791,E9131610D245A47E802F4401,481E6F7A04633D8967B0CCD1,251F640D9CA489BCDA085EB4,5F888217F0AD20D11D4DF5ED,); runOnlyForDeploymentPostprocessing = 0;};
0189424A5A60FED329FA868E = {isa = PBXResourcesBuildPhase; buildActionMask = 2147483647; files = (47280C15D8A2FB790B0FE502,CF8A4D27E1C506A7C75A76BE,); runOnlyForDeploymentPostprocessing = 0;};
7561BFB015D8F536760CB671 = {isa = PBXFrameworksBuildPhase; buildActionMask = 2147483647; files = (833E192DB067741F41230BE9,07B891D61A68FC042BDDEA14,); runOnlyForDeploymentPostprocessing = 0;};
89E1FD6268CC0F221A2BE178 = {isa = XCBuildConfiguration; name = Debug; buildSettings = {SDKROOT = iphoneos; IPHONEOS_DEPLOYMENT_TARGET = 18.0; SWIFT_VERSION = 5.0; CLANG_ENABLE_MODULES = YES; CLANG_ENABLE_OBJC_ARC = YES; DEBUG_INFORMATION_FORMAT = dwarf; SWIFT_OPTIMIZATION_LEVEL = "-Onone"; ENABLE_TESTABILITY = YES; SWIFT_ACTIVE_COMPILATION_CONDITIONS = DEBUG; ONLY_ACTIVE_ARCH = YES;};};
E6DE6C99132752C914FEF632 = {isa = XCBuildConfiguration; name = Release; buildSettings = {SDKROOT = iphoneos; IPHONEOS_DEPLOYMENT_TARGET = 18.0; SWIFT_VERSION = 5.0; CLANG_ENABLE_MODULES = YES; CLANG_ENABLE_OBJC_ARC = YES; DEBUG_INFORMATION_FORMAT = "dwarf-with-dsym"; SWIFT_OPTIMIZATION_LEVEL = "-O"; ENABLE_TESTABILITY = NO;};};
862894B703A6DEDF96A9DD6C = {isa = XCConfigurationList; buildConfigurations = (89E1FD6268CC0F221A2BE178,E6DE6C99132752C914FEF632,); defaultConfigurationIsVisible = 0; defaultConfigurationName = Release;};
E9B2E96ABC5F6856F2BE79CF = {isa = XCBuildConfiguration; name = Debug; buildSettings = {SDKROOT = iphoneos; IPHONEOS_DEPLOYMENT_TARGET = 18.0; SWIFT_VERSION = 5.0; CLANG_ENABLE_MODULES = YES; CLANG_ENABLE_OBJC_ARC = YES; DEBUG_INFORMATION_FORMAT = dwarf; SWIFT_OPTIMIZATION_LEVEL = "-Onone"; ENABLE_TESTABILITY = YES; PRODUCT_NAME = "$(TARGET_NAME)"; PRODUCT_BUNDLE_IDENTIFIER = com.mkodi.PocketBonham; GENERATE_INFOPLIST_FILE = YES; CODE_SIGN_STYLE = Automatic; TARGETED_DEVICE_FAMILY = 1; SUPPORTED_PLATFORMS = "iphoneos iphonesimulator"; SWIFT_EMIT_LOC_STRINGS = YES; INFOPLIST_KEY_UILaunchScreen_Generation = YES; INFOPLIST_KEY_UISupportedInterfaceOrientations = UIInterfaceOrientationPortrait; INFOPLIST_KEY_CFBundleDisplayName = PocketBonham; MARKETING_VERSION = 1.0; CURRENT_PROJECT_VERSION = 1; INFOPLIST_KEY_UIApplicationSceneManifest_Generation = YES; ASSETCATALOG_COMPILER_APPICON_NAME = AppIcon; SWIFT_ACTIVE_COMPILATION_CONDITIONS = DEBUG; ONLY_ACTIVE_ARCH = YES;};};
5A8C91857F674E16E2724F47 = {isa = XCBuildConfiguration; name = Release; buildSettings = {SDKROOT = iphoneos; IPHONEOS_DEPLOYMENT_TARGET = 18.0; SWIFT_VERSION = 5.0; CLANG_ENABLE_MODULES = YES; CLANG_ENABLE_OBJC_ARC = YES; DEBUG_INFORMATION_FORMAT = "dwarf-with-dsym"; SWIFT_OPTIMIZATION_LEVEL = "-O"; ENABLE_TESTABILITY = NO; PRODUCT_NAME = "$(TARGET_NAME)"; PRODUCT_BUNDLE_IDENTIFIER = com.mkodi.PocketBonham; GENERATE_INFOPLIST_FILE = YES; CODE_SIGN_STYLE = Automatic; TARGETED_DEVICE_FAMILY = 1; SUPPORTED_PLATFORMS = "iphoneos iphonesimulator"; SWIFT_EMIT_LOC_STRINGS = YES; INFOPLIST_KEY_UILaunchScreen_Generation = YES; INFOPLIST_KEY_UISupportedInterfaceOrientations = UIInterfaceOrientationPortrait; INFOPLIST_KEY_CFBundleDisplayName = PocketBonham; MARKETING_VERSION = 1.0; CURRENT_PROJECT_VERSION = 1; INFOPLIST_KEY_UIApplicationSceneManifest_Generation = YES; ASSETCATALOG_COMPILER_APPICON_NAME = AppIcon;};};
F37922C48DA5978D02C9E50E = {isa = XCConfigurationList; buildConfigurations = (E9B2E96ABC5F6856F2BE79CF,5A8C91857F674E16E2724F47,); defaultConfigurationIsVisible = 0; defaultConfigurationName = Release;};
FCB48D8F88BCDB0ED9FADFD7 = {isa = XCBuildConfiguration; name = Debug; buildSettings = {SDKROOT = iphoneos; IPHONEOS_DEPLOYMENT_TARGET = 18.0; SWIFT_VERSION = 5.0; CLANG_ENABLE_MODULES = YES; CLANG_ENABLE_OBJC_ARC = YES; DEBUG_INFORMATION_FORMAT = dwarf; SWIFT_OPTIMIZATION_LEVEL = "-Onone"; ENABLE_TESTABILITY = YES; PRODUCT_NAME = "$(TARGET_NAME)"; PRODUCT_BUNDLE_IDENTIFIER = com.mkodi.PocketBonham.UITests; GENERATE_INFOPLIST_FILE = YES; CODE_SIGN_STYLE = Automatic; TARGETED_DEVICE_FAMILY = 1; SUPPORTED_PLATFORMS = "iphoneos iphonesimulator"; SWIFT_EMIT_LOC_STRINGS = YES; TEST_TARGET_NAME = PocketBonham; SWIFT_ACTIVE_COMPILATION_CONDITIONS = DEBUG; ONLY_ACTIVE_ARCH = YES;};};
942EEBBACD6C88CAE7F29B29 = {isa = XCBuildConfiguration; name = Release; buildSettings = {SDKROOT = iphoneos; IPHONEOS_DEPLOYMENT_TARGET = 18.0; SWIFT_VERSION = 5.0; CLANG_ENABLE_MODULES = YES; CLANG_ENABLE_OBJC_ARC = YES; DEBUG_INFORMATION_FORMAT = "dwarf-with-dsym"; SWIFT_OPTIMIZATION_LEVEL = "-O"; ENABLE_TESTABILITY = NO; PRODUCT_NAME = "$(TARGET_NAME)"; PRODUCT_BUNDLE_IDENTIFIER = com.mkodi.PocketBonham.UITests; GENERATE_INFOPLIST_FILE = YES; CODE_SIGN_STYLE = Automatic; TARGETED_DEVICE_FAMILY = 1; SUPPORTED_PLATFORMS = "iphoneos iphonesimulator"; SWIFT_EMIT_LOC_STRINGS = YES; TEST_TARGET_NAME = PocketBonham;};};
BECB265224D91761C05FDA33 = {isa = XCConfigurationList; buildConfigurations = (FCB48D8F88BCDB0ED9FADFD7,942EEBBACD6C88CAE7F29B29,); defaultConfigurationIsVisible = 0; defaultConfigurationName = Release;};
C13732C8E715C9BEE4FA51C9 = {isa = PBXNativeTarget; buildConfigurationList = F37922C48DA5978D02C9E50E; buildPhases = (BCE16DD0260827ECF338C787,7561BFB015D8F536760CB671,0189424A5A60FED329FA868E,); buildRules = (); dependencies = (); name = PocketBonham; packageProductDependencies = (3A5F9496090AE92F907D72AF,F3C382D60DB3B1B46F174726,); productName = PocketBonham; productReference = 7D1043473D55BFA90E8530D3; productType = "com.apple.product-type.application";};
D799BAE6088A90139B415FCC = {isa = PBXContainerItemProxy; containerPortal = 98F54143AB4E86B28C3AFEE0; proxyType = 1; remoteGlobalIDString = C13732C8E715C9BEE4FA51C9; remoteInfo = PocketBonham;};
E9FAD0C6CD43534327C0AF90 = {isa = PBXTargetDependency; target = C13732C8E715C9BEE4FA51C9; targetProxy = D799BAE6088A90139B415FCC;};
9F3002A5D69B22D357A58AA9 = {isa = PBXSourcesBuildPhase; buildActionMask = 2147483647; files = (8F69D2603037B23E80BB9FA3,); runOnlyForDeploymentPostprocessing = 0;};
64BCB755386F844C96A2A5B0 = {isa = PBXNativeTarget; buildConfigurationList = BECB265224D91761C05FDA33; buildPhases = (9F3002A5D69B22D357A58AA9,); buildRules = (); dependencies = (E9FAD0C6CD43534327C0AF90,); name = PocketBonhamUITests; productName = PocketBonhamUITests; productReference = 9D3AD977850B7EAC0E4F6585; productType = "com.apple.product-type.bundle.ui-testing";};
98F54143AB4E86B28C3AFEE0 = {isa = PBXProject; attributes = {BuildIndependentTargetsInParallel = YES; LastUpgradeCheck = 2630;}; buildConfigurationList = 862894B703A6DEDF96A9DD6C; compatibilityVersion = "Xcode 14.0"; developmentRegion = en; knownRegions = (en,Base); mainGroup = 64292B1C2B2E13EAD8788FC8; productRefGroup = FBDC4F23F93125BBEEAE800C; projectDirPath = ""; projectRoot = ""; packageReferences = (582681C2EAE02B3F3D399C0C,); targets = (C13732C8E715C9BEE4FA51C9,64BCB755386F844C96A2A5B0,);};
}; rootObject = 98F54143AB4E86B28C3AFEE0; }
